Microsoft Visual Studio Solution File, Format Version 12.00
# Visual Studio Version 17
VisualStudioVersion = 17.5.2.0
MinimumVisualStudioVersion = 10.0.40219.1
Project("{FAE04EC0-301F-11D3-BF4B-00C04F79EFBC}") = "sumadearreglos", "sumadearreglos.csproj", "{2EDDA77A-6DC3-0CD7-32D7-3D3249128251}"
EndProject
Global
	GlobalSection(SolutionConfigurationPlatforms) = preSolution
		Debug|Any CPU = Debug|Any CPU
		Release|Any CPU = Release|Any CPU
	EndGlobalSection
	GlobalSection(ProjectConfigurationPlatforms) = postSolution
		{2EDDA77A-6DC3-0CD7-32D7-3D3249128251}.Debug|Any CPU.ActiveCfg = Debug|Any CPU
		{2EDDA77A-6DC3-0CD7-32D7-3D3249128251}.Debug|Any CPU.Build.0 = Debug|Any CPU
		{2EDDA77A-6DC3-0CD7-32D7-3D3249128251}.Release|Any CPU.ActiveCfg = Release|Any CPU
		{2EDDA77A-6DC3-0CD7-32D7-3D3249128251}.Release|Any CPU.Build.0 = Release|Any CPU
	EndGlobalSection
	GlobalSection(SolutionProperties) = preSolution
		HideSolutionNode = FALSE
	EndGlobalSection
	GlobalSection(ExtensibilityGlobals) = postSolution
		SolutionGuid = {1B1C23AD-759D-4CF7-AE08-9F1E27832A0E}
	EndGlobalSection
EndGlobal
